
Microsoft Visual Studio Solution File, Format Version 12.00
# Visual Studio 14
VisualStudioVersion = 14.0.25420.1
MinimumVisualStudioVersion = 10.0.40219.1
Project("{2150E333-8FDC-42A3-9474-1A3956D46DE8}") = "src", "src", "{23B7219A-6879-4EE9-88AA-18117A1EFB2D}"
EndProject
Project("{2150E333-8FDC-42A3-9474-1A3956D46DE8}") = "Solution Items", "Solution Items", "{F9740E66-D784-4C8C-99A8-2B690055CCBA}"
	ProjectSection(SolutionItems) = preProject
		global.json = global.json
	EndProjectSection
EndProject
Project("{8BB2217D-0F2D-49D1-97BC-3654ED321F3B}") = "ContosoUniversity", "src\ContosoUniversity\ContosoUniversity.xproj", "{2EC558DA-A728-4722-AB56-8FEAC2459D0C}"
EndProject
Global
	GlobalSection(SolutionConfigurationPlatforms) = preSolution
		Debug|Any CPU = Debug|Any CPU
		Release|Any CPU = Release|Any CPU
	EndGlobalSection
	GlobalSection(ProjectConfigurationPlatforms) = postSolution
		{2EC558DA-A728-4722-AB56-8FEAC2459D0C}.Debug|Any CPU.ActiveCfg = Debug|Any CPU
		{2EC558DA-A728-4722-AB56-8FEAC2459D0C}.Debug|Any CPU.Build.0 = Debug|Any CPU
		{2EC558DA-A728-4722-AB56-8FEAC2459D0C}.Release|Any CPU.ActiveCfg = Release|Any CPU
		{2EC558DA-A728-4722-AB56-8FEAC2459D0C}.Release|Any CPU.Build.0 = Release|Any CPU
	EndGlobalSection
	GlobalSection(SolutionProperties) = preSolution
		HideSolutionNode = FALSE
	EndGlobalSection
	GlobalSection(NestedProjects) = preSolution
		{2EC558DA-A728-4722-AB56-8FEAC2459D0C} = {23B7219A-6879-4EE9-88AA-18117A1EFB2D}
	EndGlobalSection
EndGlobal
