
Microsoft Visual Studio Solution File, Format Version 12.00
# Visual Studio 14
VisualStudioVersion = 14.0.25420.1
MinimumVisualStudioVersion = 10.0.40219.1
Project("{2150E333-8FDC-42A3-9474-1A3956D46DE8}") = "src", "src", "{83F1A7DF-1AD1-425B-AA65-96C40EFB5403}"
EndProject
Project("{2150E333-8FDC-42A3-9474-1A3956D46DE8}") = "Solution Items", "Solution Items", "{7E337D0E-BF75-49F4-8528-765E83D7801B}"
	ProjectSection(SolutionItems) = preProject
		global.json = global.json
	EndProjectSection
EndProject
Project("{8BB2217D-0F2D-49D1-97BC-3654ED321F3B}") = "AndresBlog", "src\AndresBlog\AndresBlog.xproj", "{FFB532FB-A80C-4833-95E7-83E53E6527A8}"
EndProject
Global
	GlobalSection(SolutionConfigurationPlatforms) = preSolution
		Debug|Any CPU = Debug|Any CPU
		Release|Any CPU = Release|Any CPU
	EndGlobalSection
	GlobalSection(ProjectConfigurationPlatforms) = postSolution
		{FFB532FB-A80C-4833-95E7-83E53E6527A8}.Debug|Any CPU.ActiveCfg = Debug|Any CPU
		{FFB532FB-A80C-4833-95E7-83E53E6527A8}.Debug|Any CPU.Build.0 = Debug|Any CPU
		{FFB532FB-A80C-4833-95E7-83E53E6527A8}.Release|Any CPU.ActiveCfg = Release|Any CPU
		{FFB532FB-A80C-4833-95E7-83E53E6527A8}.Release|Any CPU.Build.0 = Release|Any CPU
	EndGlobalSection
	GlobalSection(SolutionProperties) = preSolution
		HideSolutionNode = FALSE
	EndGlobalSection
	GlobalSection(NestedProjects) = preSolution
		{FFB532FB-A80C-4833-95E7-83E53E6527A8} = {83F1A7DF-1AD1-425B-AA65-96C40EFB5403}
	EndGlobalSection
EndGlobal
